Microsoft Visual Studio Solution File, Format Version 8.00
Project("{8BC9CEB8-8B4A-11D0-8D11-00A0C91BC942}") = "BaseNetwork", "BaseNetwork.vcproj", "{8247C015-3FD6-414B-85EF-1C4530452C20}"
	ProjectSection(ProjectDependencies) = postProject
	EndProjectSection
EndProject
Global
	GlobalSection(SourceCodeControl) = preSolution
		SccNumberOfProjects = 2
		SccLocalPath0 = .
		CanCheckoutShared = true
		SolutionUniqueID = {5A07C38E-C253-4C19-8037-603A2AA47791}
		SccProjectUniqueName1 = BaseNetwork.vcproj
		SccLocalPath1 = .
		CanCheckoutShared = true
	EndGlobalSection
	GlobalSection(SolutionConfiguration) = preSolution
		Debug = Debug
		Release = Release
	EndGlobalSection
	GlobalSection(ProjectConfiguration) = postSolution
		{8247C015-3FD6-414B-85EF-1C4530452C20}.Debug.ActiveCfg = Debug|Win32
		{8247C015-3FD6-414B-85EF-1C4530452C20}.Debug.Build.0 = Debug|Win32
		{8247C015-3FD6-414B-85EF-1C4530452C20}.Release.ActiveCfg = Release|Win32
		{8247C015-3FD6-414B-85EF-1C4530452C20}.Release.Build.0 = Release|Win32
	EndGlobalSection
	GlobalSection(ExtensibilityGlobals) = postSolution
	EndGlobalSection
	GlobalSection(ExtensibilityAddIns) = postSolution
	EndGlobalSection
EndGlobal
