Microsoft Visual Studio Solution File, Format Version 8.00
Project("{8BC9CEB8-8B4A-11D0-8D11-00A0C91BC942}") = "NewPackingTool", "NewPackingTool.vcproj", "{E7A8DB14-9C0D-4B36-B344-2D46D20B99D4}"
	ProjectSection(ProjectDependencies) = postProject
	EndProjectSection
EndProject
Global
	GlobalSection(SourceCodeControl) = preSolution
		SccNumberOfProjects = 2
		SccProjectName0 = Perforce\u0020Project
		SccLocalPath0 = ..
		SccProvider0 = MSSCCI:Perforce\u0020SCM
		CanCheckoutShared = true
		SccProjectFilePathRelativizedFromConnection0 = [Tool]NewPackingTool\\
		SolutionUniqueID = {1EF9E309-36A3-4C6F-8354-647108FCE55B}
		SccProjectUniqueName1 = NewPackingTool.vcproj
		SccLocalPath1 = ..
		CanCheckoutShared = true
		SccProjectFilePathRelativizedFromConnection1 = [Tool]NewPackingTool\\
	EndGlobalSection
	GlobalSection(SolutionConfiguration) = preSolution
		Debug = Debug
		Release = Release
	EndGlobalSection
	GlobalSection(ProjectConfiguration) = postSolution
		{E7A8DB14-9C0D-4B36-B344-2D46D20B99D4}.Debug.ActiveCfg = Debug|Win32
		{E7A8DB14-9C0D-4B36-B344-2D46D20B99D4}.Debug.Build.0 = Debug|Win32
		{E7A8DB14-9C0D-4B36-B344-2D46D20B99D4}.Release.ActiveCfg = Release|Win32
		{E7A8DB14-9C0D-4B36-B344-2D46D20B99D4}.Release.Build.0 = Release|Win32
	EndGlobalSection
	GlobalSection(ExtensibilityGlobals) = postSolution
	EndGlobalSection
	GlobalSection(ExtensibilityAddIns) = postSolution
	EndGlobalSection
EndGlobal
