Microsoft Visual Studio Solution File, Format Version 8.00
Project("{8BC9CEB8-8B4A-11D0-8D11-00A0C91BC942}") = "4DyuchiGXMapEditor", "4DyuchiGXMapEditor.vcproj", "{24F6955C-75E0-426E-B739-3CB23D7C2ABF}"
	ProjectSection(ProjectDependencies) = postProject
	EndProjectSection
EndProject
Global
	GlobalSection(SourceCodeControl) = preSolution
		SccNumberOfProjects = 2
		SccProjectName0 = Perforce\u0020Project
		SccLocalPath0 = ..
		SccProvider0 = MSSCCI:Perforce\u0020SCM
		CanCheckoutShared = true
		SccProjectFilePathRelativizedFromConnection0 = 4DyuchiGXMapEditor\\
		SolutionUniqueID = {19A62A54-A494-488F-B88A-DE1AEAC52C36}
		SccProjectUniqueName1 = 4DyuchiGXMapEditor.vcproj
		SccLocalPath1 = ..
		CanCheckoutShared = true
		SccProjectFilePathRelativizedFromConnection1 = 4DyuchiGXMapEditor\\
	EndGlobalSection
	GlobalSection(SolutionConfiguration) = preSolution
		Debug = Debug
		Release = Release
	EndGlobalSection
	GlobalSection(ProjectConfiguration) = postSolution
		{24F6955C-75E0-426E-B739-3CB23D7C2ABF}.Debug.ActiveCfg = Debug|Win32
		{24F6955C-75E0-426E-B739-3CB23D7C2ABF}.Debug.Build.0 = Debug|Win32
		{24F6955C-75E0-426E-B739-3CB23D7C2ABF}.Release.ActiveCfg = Release|Win32
		{24F6955C-75E0-426E-B739-3CB23D7C2ABF}.Release.Build.0 = Release|Win32
	EndGlobalSection
	GlobalSection(ExtensibilityGlobals) = postSolution
	EndGlobalSection
	GlobalSection(ExtensibilityAddIns) = postSolution
	EndGlobalSection
EndGlobal
