Microsoft Visual Studio Solution File, Format Version 8.00
Project("{8BC9CEB8-8B4A-11D0-8D11-00A0C91BC942}") = "FileConverter", "FileConverter.vcproj", "{F90FDACA-E73C-4402-A6EB-A845CD19BA0D}"
	ProjectSection(ProjectDependencies) = postProject
	EndProjectSection
EndProject
Global
	GlobalSection(SourceCodeControl) = preSolution
		SccNumberOfProjects = 2
		SccProjectName0 = Perforce\u0020Project
		SccLocalPath0 = ..
		SccProvider0 = MSSCCI:Perforce\u0020SCM
		CanCheckoutShared = true
		SccProjectFilePathRelativizedFromConnection0 = FileConverter\\
		SolutionUniqueID = {5862CA69-26B1-4FDF-85F1-3FD07FA9CDE7}
		SccProjectUniqueName1 = FileConverter.vcproj
		SccLocalPath1 = ..
		CanCheckoutShared = true
		SccProjectFilePathRelativizedFromConnection1 = FileConverter\\
	EndGlobalSection
	GlobalSection(SolutionConfiguration) = preSolution
		Debug = Debug
		Release = Release
	EndGlobalSection
	GlobalSection(ProjectConfiguration) = postSolution
		{F90FDACA-E73C-4402-A6EB-A845CD19BA0D}.Debug.ActiveCfg = Debug|Win32
		{F90FDACA-E73C-4402-A6EB-A845CD19BA0D}.Debug.Build.0 = Debug|Win32
		{F90FDACA-E73C-4402-A6EB-A845CD19BA0D}.Release.ActiveCfg = Release|Win32
		{F90FDACA-E73C-4402-A6EB-A845CD19BA0D}.Release.Build.0 = Release|Win32
	EndGlobalSection
	GlobalSection(ExtensibilityGlobals) = postSolution
	EndGlobalSection
	GlobalSection(ExtensibilityAddIns) = postSolution
	EndGlobalSection
EndGlobal
