Microsoft Visual Studio Solution File, Format Version 8.00
Project("{8BC9CEB8-8B4A-11D0-8D11-00A0C91BC942}") = "4DyuchiFilePack", "4DyuchiFilePack.vcproj", "{5391BFF5-A896-496D-B1B3-09F6AAB78255}"
	ProjectSection(ProjectDependencies) = postProject
	EndProjectSection
EndProject
Global
	GlobalSection(SourceCodeControl) = preSolution
		SccNumberOfProjects = 2
		SccProjectName0 = Perforce\u0020Project
		SccLocalPath0 = ..
		SccProvider0 = MSSCCI:Perforce\u0020SCM
		CanCheckoutShared = true
		SccProjectFilePathRelativizedFromConnection0 = 4DyuchiFilePack\\
		SolutionUniqueID = {1297F413-4792-46A5-99C8-09CFA1CB48B5}
		SccProjectUniqueName1 = 4DyuchiFilePack.vcproj
		SccLocalPath1 = ..
		CanCheckoutShared = true
		SccProjectFilePathRelativizedFromConnection1 = 4DyuchiFilePack\\
	EndGlobalSection
	GlobalSection(SolutionConfiguration) = preSolution
		Debug = Debug
		Release = Release
	EndGlobalSection
	GlobalSection(ProjectConfiguration) = postSolution
		{5391BFF5-A896-496D-B1B3-09F6AAB78255}.Debug.ActiveCfg = Debug|Win32
		{5391BFF5-A896-496D-B1B3-09F6AAB78255}.Debug.Build.0 = Debug|Win32
		{5391BFF5-A896-496D-B1B3-09F6AAB78255}.Release.ActiveCfg = Release|Win32
		{5391BFF5-A896-496D-B1B3-09F6AAB78255}.Release.Build.0 = Release|Win32
	EndGlobalSection
	GlobalSection(ExtensibilityGlobals) = postSolution
	EndGlobalSection
	GlobalSection(ExtensibilityAddIns) = postSolution
	EndGlobalSection
EndGlobal
