Microsoft Visual Studio Solution File, Format Version 8.00
Project("{8BC9CEB8-8B4A-11D0-8D11-00A0C91BC942}") = "AgentServer", "AgentServer.vcproj", "{19F0CC92-EE89-4B38-B621-75A2C2B29F36}"
	ProjectSection(ProjectDependencies) = postProject
	EndProjectSection
EndProject
Global
	GlobalSection(SourceCodeControl) = preSolution
		SccNumberOfProjects = 2
		SccProjectName0 = Perforce\u0020Project
		SccLocalPath0 = ..
		SccProvider0 = MSSCCI:Perforce\u0020SCM
		CanCheckoutShared = true
		SccProjectFilePathRelativizedFromConnection0 = [Server]Agent\\
		SolutionUniqueID = {02979BE4-031E-4CF0-80EF-BACE6A6C9A47}
		SccProjectUniqueName1 = AgentServer.vcproj
		SccLocalPath1 = ..
		CanCheckoutShared = true
		SccProjectFilePathRelativizedFromConnection1 = [Server]Agent\\
	EndGlobalSection
	GlobalSection(SolutionConfiguration) = preSolution
		Debug = Debug
		Release = Release
	EndGlobalSection
	GlobalSection(ProjectConfiguration) = postSolution
		{19F0CC92-EE89-4B38-B621-75A2C2B29F36}.Debug.ActiveCfg = Debug|Win32
		{19F0CC92-EE89-4B38-B621-75A2C2B29F36}.Debug.Build.0 = Debug|Win32
		{19F0CC92-EE89-4B38-B621-75A2C2B29F36}.Release.ActiveCfg = Release|Win32
		{19F0CC92-EE89-4B38-B621-75A2C2B29F36}.Release.Build.0 = Release|Win32
	EndGlobalSection
	GlobalSection(ExtensibilityGlobals) = postSolution
	EndGlobalSection
	GlobalSection(ExtensibilityAddIns) = postSolution
	EndGlobalSection
EndGlobal
