Microsoft Visual Studio Solution File, Format Version 8.00
Project("{8BC9CEB8-8B4A-11D0-8D11-00A0C91BC942}") = "LogReporter", "LogReporter.vcproj", "{24FABB39-C984-4CB7-8F31-3651747DA5F9}"
	ProjectSection(ProjectDependencies) = postProject
	EndProjectSection
EndProject
Global
	GlobalSection(SourceCodeControl) = preSolution
		SccNumberOfProjects = 2
		SccLocalPath0 = .
		CanCheckoutShared = true
		SolutionUniqueID = {41E5F793-FAE4-47A5-92B3-FD9B86C6834C}
		SccProjectUniqueName1 = LogReporter.vcproj
		SccLocalPath1 = .
		CanCheckoutShared = true
	EndGlobalSection
	GlobalSection(SolutionConfiguration) = preSolution
		Debug = Debug
		Debug China = Debug China
		Debug_JP = Debug_JP
		Release = Release
		Release China = Release China
		Release_JP = Release_JP
	EndGlobalSection
	GlobalSection(ProjectConfiguration) = postSolution
		{24FABB39-C984-4CB7-8F31-3651747DA5F9}.Debug.ActiveCfg = Debug|Win32
		{24FABB39-C984-4CB7-8F31-3651747DA5F9}.Debug.Build.0 = Debug|Win32
		{24FABB39-C984-4CB7-8F31-3651747DA5F9}.Debug China.ActiveCfg = Debug China|Win32
		{24FABB39-C984-4CB7-8F31-3651747DA5F9}.Debug China.Build.0 = Debug China|Win32
		{24FABB39-C984-4CB7-8F31-3651747DA5F9}.Debug_JP.ActiveCfg = Debug_JP|Win32
		{24FABB39-C984-4CB7-8F31-3651747DA5F9}.Debug_JP.Build.0 = Debug_JP|Win32
		{24FABB39-C984-4CB7-8F31-3651747DA5F9}.Release.ActiveCfg = Release|Win32
		{24FABB39-C984-4CB7-8F31-3651747DA5F9}.Release.Build.0 = Release|Win32
		{24FABB39-C984-4CB7-8F31-3651747DA5F9}.Release China.ActiveCfg = Release China|Win32
		{24FABB39-C984-4CB7-8F31-3651747DA5F9}.Release China.Build.0 = Release China|Win32
		{24FABB39-C984-4CB7-8F31-3651747DA5F9}.Release_JP.ActiveCfg = Release_JP|Win32
		{24FABB39-C984-4CB7-8F31-3651747DA5F9}.Release_JP.Build.0 = Release_JP|Win32
	EndGlobalSection
	GlobalSection(ExtensibilityGlobals) = postSolution
	EndGlobalSection
	GlobalSection(ExtensibilityAddIns) = postSolution
	EndGlobalSection
EndGlobal
