Microsoft Visual Studio Solution File, Format Version 8.00
Project("{8BC9CEB8-8B4A-11D0-8D11-00A0C91BC942}") = "DistributeServer", "DistributeServer.vcproj", "{60DBCF97-109F-4E1E-A98C-D9C7C355AF2E}"
	ProjectSection(ProjectDependencies) = postProject
	EndProjectSection
EndProject
Global
	GlobalSection(SourceCodeControl) = preSolution
		SccNumberOfProjects = 2
		SccProjectName0 = Perforce\u0020Project
		SccLocalPath0 = ..
		SccProvider0 = MSSCCI:Perforce\u0020SCM
		CanCheckoutShared = true
		SccProjectFilePathRelativizedFromConnection0 = [Server]Distribute\\
		SolutionUniqueID = {B2311058-0BDD-4473-A768-64DE109AE180}
		SccProjectUniqueName1 = DistributeServer.vcproj
		SccLocalPath1 = ..
		CanCheckoutShared = true
		SccProjectFilePathRelativizedFromConnection1 = [Server]Distribute\\
	EndGlobalSection
	GlobalSection(SolutionConfiguration) = preSolution
		Debug = Debug
		Release = Release
	EndGlobalSection
	GlobalSection(ProjectConfiguration) = postSolution
		{60DBCF97-109F-4E1E-A98C-D9C7C355AF2E}.Debug.ActiveCfg = Debug|Win32
		{60DBCF97-109F-4E1E-A98C-D9C7C355AF2E}.Debug.Build.0 = Debug|Win32
		{60DBCF97-109F-4E1E-A98C-D9C7C355AF2E}.Release.ActiveCfg = Release|Win32
		{60DBCF97-109F-4E1E-A98C-D9C7C355AF2E}.Release.Build.0 = Release|Win32
	EndGlobalSection
	GlobalSection(ExtensibilityGlobals) = postSolution
	EndGlobalSection
	GlobalSection(ExtensibilityAddIns) = postSolution
	EndGlobalSection
EndGlobal
